
Microsoft Visual Studio Solution File, Format Version 12.00
# Visual Studio Version 17
VisualStudioVersion = 17.3.32804.467
MinimumVisualStudioVersion = 10.0.40219.1
Project("{8BC9CEB8-8B4A-11D0-8D11-00A0C91BC942}") = "2022.08.17", "2022.08.17\2022.08.17.vcxproj", "{C99F883E-A705-4B02-8C19-153F7E1FCF0D}"
EndProject
Global
	GlobalSection(SolutionConfigurationPlatforms) = preSolution
		Debug|x64 = Debug|x64
		Debug|x86 = Debug|x86
		Release|x64 = Release|x64
		Release|x86 = Release|x86
	EndGlobalSection
	GlobalSection(ProjectConfigurationPlatforms) = postSolution
		{C99F883E-A705-4B02-8C19-153F7E1FCF0D}.Debug|x64.ActiveCfg = Debug|x64
		{C99F883E-A705-4B02-8C19-153F7E1FCF0D}.Debug|x64.Build.0 = Debug|x64
		{C99F883E-A705-4B02-8C19-153F7E1FCF0D}.Debug|x86.ActiveCfg = Debug|Win32
		{C99F883E-A705-4B02-8C19-153F7E1FCF0D}.Debug|x86.Build.0 = Debug|Win32
		{C99F883E-A705-4B02-8C19-153F7E1FCF0D}.Release|x64.ActiveCfg = Release|x64
		{C99F883E-A705-4B02-8C19-153F7E1FCF0D}.Release|x64.Build.0 = Release|x64
		{C99F883E-A705-4B02-8C19-153F7E1FCF0D}.Release|x86.ActiveCfg = Release|Win32
		{C99F883E-A705-4B02-8C19-153F7E1FCF0D}.Release|x86.Build.0 = Release|Win32
	EndGlobalSection
	GlobalSection(SolutionProperties) = preSolution
		HideSolutionNode = FALSE
	EndGlobalSection
	GlobalSection(ExtensibilityGlobals) = postSolution
		SolutionGuid = {FCEE9948-870C-4D13-ADAB-FBE0DD3170C7}
	EndGlobalSection
EndGlobal
